// !$*UTF8*$!
{
	archiveVersion = 1;
	classes = {
	};
	objectVersion = 46;
	objects = {

/* Begin PBXBuildFile section */
		DC0949101C99ED06009842E7 /* Team.swift in Sources */ = {isa = PBXBuildFile; fileRef = DC09490F1C99ED06009842E7 /* Team.swift */; };
		DC0949121C99ED4A009842E7 /* Player.swift in Sources */ = {isa = PBXBuildFile; fileRef = DC0949111C99ED4A009842E7 /* Player.swift */; };
		DC0949161C99F070009842E7 /* CreatePlayerViewController.swift in Sources */ = {isa = PBXBuildFile; fileRef = DC0949151C99F070009842E7 /* CreatePlayerViewController.swift */; };
		DC4E39B81C98FB120067B1ED /* AppDelegate.swift in Sources */ = {isa = PBXBuildFile; fileRef = DC4E39B71C98FB120067B1ED /* AppDelegate.swift */; };
		DC4E39BA1C98FB120067B1ED /* ViewController.swift in Sources */ = {isa = PBXBuildFile; fileRef = DC4E39B91C98FB120067B1ED /* ViewController.swift */; };
		DC4E39BD1C98FB120067B1ED /* Main.storyboard in Resources */ = {isa = PBXBuildFile; fileRef = DC4E39BB1C98FB120067B1ED /* Main.storyboard */; };
		DC4E39BF1C98FB120067B1ED /* Assets.xcassets in Resources */ = {isa = PBXBuildFile; fileRef = DC4E39BE1C98FB120067B1ED /* Assets.xcassets */; };
		DC4E39C21C98FB120067B1ED /* LaunchScreen.storyboard in Resources */ = {isa = PBXBuildFile; fileRef = DC4E39C01C98FB120067B1ED /* LaunchScreen.storyboard */; };
		DC4E39CD1C98FB120067B1ED /* RandomizerSprint1FelixS_iOSDev1Tests.swift in Sources */ = {isa = PBXBuildFile; fileRef = DC4E39CC1C98FB120067B1ED /* RandomizerSprint1FelixS_iOSDev1Tests.swift */; };
		DC4E39D81C98FB120067B1ED /* RandomizerSprint1FelixS_iOSDev1UITests.swift in Sources */ = {isa = PBXBuildFile; fileRef = DC4E39D71C98FB120067B1ED /* RandomizerSprint1FelixS_iOSDev1UITests.swift */; };
		DC682F5D1CD6C6F30085377E /* Model.swift in Sources */ = {isa = PBXBuildFile; fileRef = DC682F5C1CD6C6F30085377E /* Model.swift */; };
		DC7FE7161CC7316D00647B3A /* TeamsTableViewController.swift in Sources */ = {isa = PBXBuildFile; fileRef = DC7FE7151CC7316D00647B3A /* TeamsTableViewController.swift */; };
/* End PBXBuildFile section */

/* Begin PBXContainerItemProxy section */
		DC4E39C91C98FB120067B1ED /* PBXContainerItemProxy */ = {
			isa = PBXContainerItemProxy;
			containerPortal = DC4E39AC1C98FB120067B1ED /* Project object */;
			proxyType = 1;
			remoteGlobalIDString = DC4E39B31C98FB120067B1ED;
			remoteInfo = "RandomizerSprint1FelixS-iOSDev1";
		};
		DC4E39D41C98FB120067B1ED /* PBXContainerItemProxy */ = {
			isa = PBXContainerItemProxy;
			containerPortal = DC4E39AC1C98FB120067B1ED /* Project object */;
			proxyType = 1;
			remoteGlobalIDString = DC4E39B31C98FB120067B1ED;
			remoteInfo = "RandomizerSprint1FelixS-iOSDev1";
		};
/* End PBXContainerItemProxy section */

/* Begin PBXFileReference section */
		DC09490F1C99ED06009842E7 /* Team.swift */ = {isa = PBXFileReference; fileEncoding = 4; lastKnownFileType = sourcecode.swift; path = Team.swift; sourceTree = "<group>"; };
		DC0949111C99ED4A009842E7 /* Player.swift */ = {isa = PBXFileReference; fileEncoding = 4; lastKnownFileType = sourcecode.swift; path = Player.swift; sourceTree = "<group>"; };
		DC0949151C99F070009842E7 /* CreatePlayerViewController.swift */ = {isa = PBXFileReference; fileEncoding = 4; lastKnownFileType = sourcecode.swift; path = CreatePlayerViewController.swift; sourceTree = "<group>"; };
		DC4E39B41C98FB120067B1ED /* RandomizerSprint1FelixS-iOSDev1.app */ = {isa = PBXFileReference; explicitFileType = wrapper.application; includeInIndex = 0; path = "RandomizerSprint1FelixS-iOSDev1.app"; sourceTree = BUILT_PRODUCTS_DIR; };
		DC4E39B71C98FB120067B1ED /* AppDelegate.swift */ = {isa = PBXFileReference; lastKnownFileType = sourcecode.swift; path = AppDelegate.swift; sourceTree = "<group>"; };
		DC4E39B91C98FB120067B1ED /* ViewController.swift */ = {isa = PBXFileReference; lastKnownFileType = sourcecode.swift; path = ViewController.swift; sourceTree = "<group>"; };
		DC4E39BC1C98FB120067B1ED /* Base */ = {isa = PBXFileReference; lastKnownFileType = file.storyboard; name = Base; path = Base.lproj/Main.storyboard; sourceTree = "<group>"; };
		DC4E39BE1C98FB120067B1ED /* Assets.xcassets */ = {isa = PBXFileReference; lastKnownFileType = folder.assetcatalog; path = Assets.xcassets; sourceTree = "<group>"; };
		DC4E39C11C98FB120067B1ED /* Base */ = {isa = PBXFileReference; lastKnownFileType = file.storyboard; name = Base; path = Base.lproj/LaunchScreen.storyboard; sourceTree = "<group>"; };
		DC4E39C31C98FB120067B1ED /* Info.plist */ = {isa = PBXFileReference; lastKnownFileType = text.plist.xml; path = Info.plist; sourceTree = "<group>"; };
		DC4E39C81C98FB120067B1ED /* RandomizerSprint1FelixS-iOSDev1Tests.xctest */ = {isa = PBXFileReference; explicitFileType = wrapper.cfbundle; includeInIndex = 0; path = "RandomizerSprint1FelixS-iOSDev1Tests.xctest"; sourceTree = BUILT_PRODUCTS_DIR; };
		DC4E39CC1C98FB120067B1ED /* RandomizerSprint1FelixS_iOSDev1Tests.swift */ = {isa = PBXFileReference; lastKnownFileType = sourcecode.swift; path = RandomizerSprint1FelixS_iOSDev1Tests.swift; sourceTree = "<group>"; };
		DC4E39CE1C98FB120067B1ED /* Info.plist */ = {isa = PBXFileReference; lastKnownFileType = text.plist.xml; path = Info.plist; sourceTree = "<group>"; };
		DC4E39D31C98FB120067B1ED /* RandomizerSprint1FelixS-iOSDev1UITests.xctest */ = {isa = PBXFileReference; explicitFileType = wrapper.cfbundle; includeInIndex = 0; path = "RandomizerSprint1FelixS-iOSDev1UITests.xctest"; sourceTree = BUILT_PRODUCTS_DIR; };
		DC4E39D71C98FB120067B1ED /* RandomizerSprint1FelixS_iOSDev1UITests.swift */ = {isa = PBXFileReference; lastKnownFileType = sourcecode.swift; path = RandomizerSprint1FelixS_iOSDev1UITests.swift; sourceTree = "<group>"; };
		DC4E39D91C98FB120067B1ED /* Info.plist */ = {isa = PBXFileReference; lastKnownFileType = text.plist.xml; path = Info.plist; sourceTree = "<group>"; };
		DC682F5C1CD6C6F30085377E /* Model.swift */ = {isa = PBXFileReference; fileEncoding = 4; lastKnownFileType = sourcecode.swift; path = Model.swift; sourceTree = "<group>"; };
		DC7FE7151CC7316D00647B3A /* TeamsTableViewController.swift */ = {isa = PBXFileReference; fileEncoding = 4; lastKnownFileType = sourcecode.swift; path = TeamsTableViewController.swift; sourceTree = "<group>"; };
/* End PBXFileReference section */

/* Begin PBXFrameworksBuildPhase section */
		DC4E39B11C98FB120067B1ED /* Frameworks */ = {
			isa = PBXFrameworksBuildPhase;
			buildActionMask = 2147483647;
			files = (
			);
			runOnlyForDeploymentPostprocessing = 0;
		};
		DC4E39C51C98FB120067B1ED /* Frameworks */ = {
			isa = PBXFrameworksBuildPhase;
			buildActionMask = 2147483647;
			files = (
			);
			runOnlyForDeploymentPostprocessing = 0;
		};
		DC4E39D01C98FB120067B1ED /* Frameworks */ = {
			isa = PBXFrameworksBuildPhase;
			buildActionMask = 2147483647;
			files = (
			);
			runOnlyForDeploymentPostprocessing = 0;
		};
/* End PBXFrameworksBuildPhase section */

/* Begin PBXGroup section */
		DC4E39AB1C98FB120067B1ED = {
			isa = PBXGroup;
			children = (
				DC4E39B61C98FB120067B1ED /* RandomizerSprint1FelixS-iOSDev1 */,
				DC4E39CB1C98FB120067B1ED /* RandomizerSprint1FelixS-iOSDev1Tests */,
				DC4E39D61C98FB120067B1ED /* RandomizerSprint1FelixS-iOSDev1UITests */,
				DC4E39B51C98FB120067B1ED /* Products */,
			);
			sourceTree = "<group>";
		};
		DC4E39B51C98FB120067B1ED /* Products */ = {
			isa = PBXGroup;
			children = (
				DC4E39B41C98FB120067B1ED /* RandomizerSprint1FelixS-iOSDev1.app */,
				DC4E39C81C98FB120067B1ED /* RandomizerSprint1FelixS-iOSDev1Tests.xctest */,
				DC4E39D31C98FB120067B1ED /* RandomizerSprint1FelixS-iOSDev1UITests.xctest */,
			);
			name = Products;
			sourceTree = "<group>";
		};
		DC4E39B61C98FB120067B1ED /* RandomizerSprint1FelixS-iOSDev1 */ = {
			isa = PBXGroup;
			children = (
				DC4E39B71C98FB120067B1ED /* AppDelegate.swift */,
				DC4E39B91C98FB120067B1ED /* ViewController.swift */,
				DC0949151C99F070009842E7 /* CreatePlayerViewController.swift */,
				DC7FE7151CC7316D00647B3A /* TeamsTableViewController.swift */,
				DC4E39BB1C98FB120067B1ED /* Main.storyboard */,
				DC4E39BE1C98FB120067B1ED /* Assets.xcassets */,
				DC4E39C01C98FB120067B1ED /* LaunchScreen.storyboard */,
				DC4E39C31C98FB120067B1ED /* Info.plist */,
				DC682F5C1CD6C6F30085377E /* Model.swift */,
				DC09490F1C99ED06009842E7 /* Team.swift */,
				DC0949111C99ED4A009842E7 /* Player.swift */,
			);
			path = "RandomizerSprint1FelixS-iOSDev1";
			sourceTree = "<group>";
		};
		DC4E39CB1C98FB120067B1ED /* RandomizerSprint1FelixS-iOSDev1Tests */ = {
			isa = PBXGroup;
			children = (
				DC4E39CC1C98FB120067B1ED /* RandomizerSprint1FelixS_iOSDev1Tests.swift */,
				DC4E39CE1C98FB120067B1ED /* Info.plist */,
			);
			path = "RandomizerSprint1FelixS-iOSDev1Tests";
			sourceTree = "<group>";
		};
		DC4E39D61C98FB120067B1ED /* RandomizerSprint1FelixS-iOSDev1UITests */ = {
			isa = PBXGroup;
			children = (
				DC4E39D71C98FB120067B1ED /* RandomizerSprint1FelixS_iOSDev1UITests.swift */,
				DC4E39D91C98FB120067B1ED /* Info.plist */,
			);
			path = "RandomizerSprint1FelixS-iOSDev1UITests";
			sourceTree = "<group>";
		};
/* End PBXGroup section */

/* Begin PBXNativeTarget section */
		DC4E39B31C98FB120067B1ED /* RandomizerSprint1FelixS-iOSDev1 */ = {
			isa = PBXNativeTarget;
			buildConfigurationList = DC4E39DC1C98FB120067B1ED /* Build configuration list for PBXNativeTarget "RandomizerSprint1FelixS-iOSDev1" */;
			buildPhases = (
				DC4E39B01C98FB120067B1ED /* Sources */,
				DC4E39B11C98FB120067B1ED /* Frameworks */,
				DC4E39B21C98FB120067B1ED /* Resources */,
			);
			buildRules = (
			);
			dependencies = (
			);
			name = "RandomizerSprint1FelixS-iOSDev1";
			productName = "RandomizerSprint1FelixS-iOSDev1";
			productReference = DC4E39B41C98FB120067B1ED /* RandomizerSprint1FelixS-iOSDev1.app */;
			productType = "com.apple.product-type.application";
		};
		DC4E39C71C98FB120067B1ED /* RandomizerSprint1FelixS-iOSDev1Tests */ = {
			isa = PBXNativeTarget;
			buildConfigurationList = DC4E39DF1C98FB120067B1ED /* Build configuration list for PBXNativeTarget "RandomizerSprint1FelixS-iOSDev1Tests" */;
			buildPhases = (
				DC4E39C41C98FB120067B1ED /* Sources */,
				DC4E39C51C98FB120067B1ED /* Frameworks */,
				DC4E39C61C98FB120067B1ED /* Resources */,
			);
			buildRules = (
			);
			dependencies = (
				DC4E39CA1C98FB120067B1ED /* PBXTargetDependency */,
			);
			name = "RandomizerSprint1FelixS-iOSDev1Tests";
			productName = "RandomizerSprint1FelixS-iOSDev1Tests";
			productReference = DC4E39C81C98FB120067B1ED /* RandomizerSprint1FelixS-iOSDev1Tests.xctest */;
			productType = "com.apple.product-type.bundle.unit-test";
		};
		DC4E39D21C98FB120067B1ED /* RandomizerSprint1FelixS-iOSDev1UITests */ = {
			isa = PBXNativeTarget;
			buildConfigurationList = DC4E39E21C98FB120067B1ED /* Build configuration list for PBXNativeTarget "RandomizerSprint1FelixS-iOSDev1UITests" */;
			buildPhases = (
				DC4E39CF1C98FB120067B1ED /* Sources */,
				DC4E39D01C98FB120067B1ED /* Frameworks */,
				DC4E39D11C98FB120067B1ED /* Resources */,
			);
			buildRules = (
			);
			dependencies = (
				DC4E39D51C98FB120067B1ED /* PBXTargetDependency */,
			);
			name = "RandomizerSprint1FelixS-iOSDev1UITests";
			productName = "RandomizerSprint1FelixS-iOSDev1UITests";
			productReference = DC4E39D31C98FB120067B1ED /* RandomizerSprint1FelixS-iOSDev1UITests.xctest */;
			productType = "com.apple.product-type.bundle.ui-testing";
		};
/* End PBXNativeTarget section */

/* Begin PBXProject section */
		DC4E39AC1C98FB120067B1ED /* Project object */ = {
			isa = PBXProject;
			attributes = {
				LastSwiftUpdateCheck = 0720;
				LastUpgradeCheck = 0720;
				ORGANIZATIONNAME = "Nestor Sotres";
				TargetAttributes = {
					DC4E39B31C98FB120067B1ED = {
						CreatedOnToolsVersion = 7.2;
					};
					DC4E39C71C98FB120067B1ED = {
						CreatedOnToolsVersion = 7.2;
						TestTargetID = DC4E39B31C98FB120067B1ED;
					};
					DC4E39D21C98FB120067B1ED = {
						CreatedOnToolsVersion = 7.2;
						TestTargetID = DC4E39B31C98FB120067B1ED;
					};
				};
			};
			buildConfigurationList = DC4E39AF1C98FB120067B1ED /* Build configuration list for PBXProject "RandomizerSprint1FelixS-iOSDev1" */;
			compatibilityVersion = "Xcode 3.2";
			developmentRegion = English;
			hasScannedForEncodings = 0;
			knownRegions = (
				en,
				Base,
			);
			mainGroup = DC4E39AB1C98FB120067B1ED;
			productRefGroup = DC4E39B51C98FB120067B1ED /* Products */;
			projectDirPath = "";
			projectRoot = "";
			targets = (
				DC4E39B31C98FB120067B1ED /* RandomizerSprint1FelixS-iOSDev1 */,
				DC4E39C71C98FB120067B1ED /* RandomizerSprint1FelixS-iOSDev1Tests */,
				DC4E39D21C98FB120067B1ED /* RandomizerSprint1FelixS-iOSDev1UITests */,
			);
		};
/* End PBXProject section */

/* Begin PBXResourcesBuildPhase section */
		DC4E39B21C98FB120067B1ED /* Resources */ = {
			isa = PBXResourcesBuildPhase;
			buildActionMask = 2147483647;
			files = (
				DC4E39C21C98FB120067B1ED /* LaunchScreen.storyboard in Resources */,
				DC4E39BF1C98FB120067B1ED /* Assets.xcassets in Resources */,
				DC4E39BD1C98FB120067B1ED /* Main.storyboard in Resources */,
			);
			runOnlyForDeploymentPostprocessing = 0;
		};
		DC4E39C61C98FB120067B1ED /* Resources */ = {
			isa = PBXResourcesBuildPhase;
			buildActionMask = 2147483647;
			files = (
			);
			runOnlyForDeploymentPostprocessing = 0;
		};
		DC4E39D11C98FB120067B1ED /* Resources */ = {
			isa = PBXResourcesBuildPhase;
			buildActionMask = 2147483647;
			files = (
			);
			runOnlyForDeploymentPostprocessing = 0;
		};
/* End PBXResourcesBuildPhase section */

/* Begin PBXSourcesBuildPhase section */
		DC4E39B01C98FB120067B1ED /* Sources */ = {
			isa = PBXSourcesBuildPhase;
			buildActionMask = 2147483647;
			files = (
				DC682F5D1CD6C6F30085377E /* Model.swift in Sources */,
				DC0949121C99ED4A009842E7 /* Player.swift in Sources */,
				DC0949101C99ED06009842E7 /* Team.swift in Sources */,
				DC0949161C99F070009842E7 /* CreatePlayerViewController.swift in Sources */,
				DC4E39BA1C98FB120067B1ED /* ViewController.swift in Sources */,
				DC7FE7161CC7316D00647B3A /* TeamsTableViewController.swift in Sources */,
				DC4E39B81C98FB120067B1ED /* AppDelegate.swift in Sources */,
			);
			runOnlyForDeploymentPostprocessing = 0;
		};
		DC4E39C41C98FB120067B1ED /* Sources */ = {
			isa = PBXSourcesBuildPhase;
			buildActionMask = 2147483647;
			files = (
				DC4E39CD1C98FB120067B1ED /* RandomizerSprint1FelixS_iOSDev1Tests.swift in Sources */,
			);
			runOnlyForDeploymentPostprocessing = 0;
		};
		DC4E39CF1C98FB120067B1ED /* Sources */ = {
			isa = PBXSourcesBuildPhase;
			buildActionMask = 2147483647;
			files = (
				DC4E39D81C98FB120067B1ED /* RandomizerSprint1FelixS_iOSDev1UITests.swift in Sources */,
			);
			runOnlyForDeploymentPostprocessing = 0;
		};
/* End PBXSourcesBuildPhase section */

/* Begin PBXTargetDependency section */
		DC4E39CA1C98FB120067B1ED /* PBXTargetDependency */ = {
			isa = PBXTargetDependency;
			target = DC4E39B31C98FB120067B1ED /* RandomizerSprint1FelixS-iOSDev1 */;
			targetProxy = DC4E39C91C98FB120067B1ED /* PBXContainerItemProxy */;
		};
		DC4E39D51C98FB120067B1ED /* PBXTargetDependency */ = {
			isa = PBXTargetDependency;
			target = DC4E39B31C98FB120067B1ED /* RandomizerSprint1FelixS-iOSDev1 */;
			targetProxy = DC4E39D41C98FB120067B1ED /* PBXContainerItemProxy */;
		};
/* End PBXTargetDependency section */

/* Begin PBXVariantGroup section */
		DC4E39BB1C98FB120067B1ED /* Main.storyboard */ = {
			isa = PBXVariantGroup;
			children = (
				DC4E39BC1C98FB120067B1ED /* Base */,
			);
			name = Main.storyboard;
			sourceTree = "<group>";
		};
		DC4E39C01C98FB120067B1ED /* LaunchScreen.storyboard */ = {
			isa = PBXVariantGroup;
			children = (
				DC4E39C11C98FB120067B1ED /* Base */,
			);
			name = LaunchScreen.storyboard;
			sourceTree = "<group>";
		};
/* End PBXVariantGroup section */

/* Begin XCBuildConfiguration section */
		DC4E39DA1C98FB120067B1ED /* Debug */ = {
			isa = XCBuildConfiguration;
			buildSettings = {
				ALWAYS_SEARCH_USER_PATHS = NO;
				CLANG_CXX_LANGUAGE_STANDARD = "gnu++0x";
				CLANG_CXX_LIBRARY = "libc++";
				CLANG_ENABLE_MODULES = YES;
				CLANG_ENABLE_OBJC_ARC = YES;
				CLANG_WARN_BOOL_CONVERSION = YES;
				CLANG_WARN_CONSTANT_CONVERSION = YES;
				CLANG_WARN_DIRECT_OBJC_ISA_USAGE = YES_ERROR;
				CLANG_WARN_EMPTY_BODY = YES;
				CLANG_WARN_ENUM_CONVERSION = YES;
				CLANG_WARN_INT_CONVERSION = YES;
				CLANG_WARN_OBJC_ROOT_CLASS = YES_ERROR;
				CLANG_WARN_UNREACHABLE_CODE = YES;
				CLANG_WARN__DUPLICATE_METHOD_MATCH = YES;
				"CODE_SIGN_IDENTITY[sdk=iphoneos*]" = "iPhone Developer";
				COPY_PHASE_STRIP = NO;
				DEBUG_INFORMATION_FORMAT = dwarf;
				ENABLE_STRICT_OBJC_MSGSEND = YES;
				ENABLE_TESTABILITY = YES;
				GCC_C_LANGUAGE_STANDARD = gnu99;
				GCC_DYNAMIC_NO_PIC = NO;
				GCC_NO_COMMON_BLOCKS = YES;
				GCC_OPTIMIZATION_LEVEL = 0;
				GCC_PREPROCESSOR_DEFINITIONS = (
					"DEBUG=1",
					"$(inherited)",
				);
				GCC_WARN_64_TO_32_BIT_CONVERSION = YES;
				GCC_WARN_ABOUT_RETURN_TYPE = YES_ERROR;
				GCC_WARN_UNDECLARED_SELECTOR = YES;
				GCC_WARN_UNINITIALIZED_AUTOS = YES_AGGRESSIVE;
				GCC_WARN_UNUSED_FUNCTION = YES;
				GCC_WARN_UNUSED_VARIABLE = YES;
				IPHONEOS_DEPLOYMENT_TARGET = 9.2;
				MTL_ENABLE_DEBUG_INFO = YES;
				ONLY_ACTIVE_ARCH = YES;
				SDKROOT = iphoneos;
				SWIFT_OPTIMIZATION_LEVEL = "-Onone";
				TARGETED_DEVICE_FAMILY = "1,2";
			};
			name = Debug;
		};
		DC4E39DB1C98FB120067B1ED /* Release */ = {
			isa = XCBuildConfiguration;
			buildSettings = {
				ALWAYS_SEARCH_USER_PATHS = NO;
				CLANG_CXX_LANGUAGE_STANDARD = "gnu++0x";
				CLANG_CXX_LIBRARY = "libc++";
				CLANG_ENABLE_MODULES = YES;
				CLANG_ENABLE_OBJC_ARC = YES;
				CLANG_WARN_BOOL_CONVERSION = YES;
				CLANG_WARN_CONSTANT_CONVERSION = YES;
				CLANG_WARN_DIRECT_OBJC_ISA_USAGE = YES_ERROR;
				CLANG_WARN_EMPTY_BODY = YES;
				CLANG_WARN_ENUM_CONVERSION = YES;
				CLANG_WARN_INT_CONVERSION = YES;
				CLANG_WARN_OBJC_ROOT_CLASS = YES_ERROR;
				CLANG_WARN_UNREACHABLE_CODE = YES;
				CLANG_WARN__DUPLICATE_METHOD_MATCH = YES;
				"CODE_SIGN_IDENTITY[sdk=iphoneos*]" = "iPhone Developer";
				COPY_PHASE_STRIP = NO;
				DEBUG_INFORMATION_FORMAT = "dwarf-with-dsym";
				ENABLE_NS_ASSERTIONS = NO;
				ENABLE_STRICT_OBJC_MSGSEND = YES;
				GCC_C_LANGUAGE_STANDARD = gnu99;
				GCC_NO_COMMON_BLOCKS = YES;
				GCC_WARN_64_TO_32_BIT_CONVERSION = YES;
				GCC_WARN_ABOUT_RETURN_TYPE = YES_ERROR;
				GCC_WARN_UNDECLARED_SELECTOR = YES;
				GCC_WARN_UNINITIALIZED_AUTOS = YES_AGGRESSIVE;
				GCC_WARN_UNUSED_FUNCTION = YES;
				GCC_WARN_UNUSED_VARIABLE = YES;
				IPHONEOS_DEPLOYMENT_TARGET = 9.2;
				MTL_ENABLE_DEBUG_INFO = NO;
				SDKROOT = iphoneos;
				TARGETED_DEVICE_FAMILY = "1,2";
				VALIDATE_PRODUCT = YES;
			};
			name = Release;
		};
		DC4E39DD1C98FB120067B1ED /* Debug */ = {
			isa = XCBuildConfiguration;
			buildSettings = {
				ASSETCATALOG_COMPILER_APPICON_NAME = AppIcon;
				INFOPLIST_FILE = "RandomizerSprint1FelixS-iOSDev1/Info.plist";
				LD_RUNPATH_SEARCH_PATHS = "$(inherited) @executable_path/Frameworks";
				PRODUCT_BUNDLE_IDENTIFIER = "com.nsotres.RandomizerSprint1FelixS-iOSDev1";
				PRODUCT_NAME = "$(TARGET_NAME)";
			};
			name = Debug;
		};
		DC4E39DE1C98FB120067B1ED /* Release */ = {
			isa = XCBuildConfiguration;
			buildSettings = {
				ASSETCATALOG_COMPILER_APPICON_NAME = AppIcon;
				INFOPLIST_FILE = "RandomizerSprint1FelixS-iOSDev1/Info.plist";
				LD_RUNPATH_SEARCH_PATHS = "$(inherited) @executable_path/Frameworks";
				PRODUCT_BUNDLE_IDENTIFIER = "com.nsotres.RandomizerSprint1FelixS-iOSDev1";
				PRODUCT_NAME = "$(TARGET_NAME)";
			};
			name = Release;
		};
		DC4E39E01C98FB120067B1ED /* Debug */ = {
			isa = XCBuildConfiguration;
			buildSettings = {
				BUNDLE_LOADER = "$(TEST_HOST)";
				INFOPLIST_FILE = "RandomizerSprint1FelixS-iOSDev1Tests/Info.plist";
				LD_RUNPATH_SEARCH_PATHS = "$(inherited) @executable_path/Frameworks @loader_path/Frameworks";
				PRODUCT_BUNDLE_IDENTIFIER = "com.nsotres.RandomizerSprint1FelixS-iOSDev1Tests";
				PRODUCT_NAME = "$(TARGET_NAME)";
				TEST_HOST = "$(BUILT_PRODUCTS_DIR)/RandomizerSprint1FelixS-iOSDev1.app/RandomizerSprint1FelixS-iOSDev1";
			};
			name = Debug;
		};
		DC4E39E11C98FB120067B1ED /* Release */ = {
			isa = XCBuildConfiguration;
			buildSettings = {
				BUNDLE_LOADER = "$(TEST_HOST)";
				INFOPLIST_FILE = "RandomizerSprint1FelixS-iOSDev1Tests/Info.plist";
				LD_RUNPATH_SEARCH_PATHS = "$(inherited) @executable_path/Frameworks @loader_path/Frameworks";
				PRODUCT_BUNDLE_IDENTIFIER = "com.nsotres.RandomizerSprint1FelixS-iOSDev1Tests";
				PRODUCT_NAME = "$(TARGET_NAME)";
				TEST_HOST = "$(BUILT_PRODUCTS_DIR)/RandomizerSprint1FelixS-iOSDev1.app/RandomizerSprint1FelixS-iOSDev1";
			};
			name = Release;
		};
		DC4E39E31C98FB120067B1ED /* Debug */ = {
			isa = XCBuildConfiguration;
			buildSettings = {
				INFOPLIST_FILE = "RandomizerSprint1FelixS-iOSDev1UITests/Info.plist";
				LD_RUNPATH_SEARCH_PATHS = "$(inherited) @executable_path/Frameworks @loader_path/Frameworks";
				PRODUCT_BUNDLE_IDENTIFIER = "com.nsotres.RandomizerSprint1FelixS-iOSDev1UITests";
				PRODUCT_NAME = "$(TARGET_NAME)";
				TEST_TARGET_NAME = "RandomizerSprint1FelixS-iOSDev1";
				USES_XCTRUNNER = YES;
			};
			name = Debug;
		};
		DC4E39E41C98FB120067B1ED /* Release */ = {
			isa = XCBuildConfiguration;
			buildSettings = {
				INFOPLIST_FILE = "RandomizerSprint1FelixS-iOSDev1UITests/Info.plist";
				LD_RUNPATH_SEARCH_PATHS = "$(inherited) @executable_path/Frameworks @loader_path/Frameworks";
				PRODUCT_BUNDLE_IDENTIFIER = "com.nsotres.RandomizerSprint1FelixS-iOSDev1UITests";
				PRODUCT_NAME = "$(TARGET_NAME)";
				TEST_TARGET_NAME = "RandomizerSprint1FelixS-iOSDev1";
				USES_XCTRUNNER = YES;
			};
			name = Release;
		};
/* End XCBuildConfiguration section */

/* Begin XCConfigurationList section */
		DC4E39AF1C98FB120067B1ED /* Build configuration list for PBXProject "RandomizerSprint1FelixS-iOSDev1" */ = {
			isa = XCConfigurationList;
			buildConfigurations = (
				DC4E39DA1C98FB120067B1ED /* Debug */,
				DC4E39DB1C98FB120067B1ED /* Release */,
			);
			defaultConfigurationIsVisible = 0;
			defaultConfigurationName = Release;
		};
		DC4E39DC1C98FB120067B1ED /* Build configuration list for PBXNativeTarget "RandomizerSprint1FelixS-iOSDev1" */ = {
			isa = XCConfigurationList;
			buildConfigurations = (
				DC4E39DD1C98FB120067B1ED /* Debug */,
				DC4E39DE1C98FB120067B1ED /* Release */,
			);
			defaultConfigurationIsVisible = 0;
			defaultConfigurationName = Release;
		};
		DC4E39DF1C98FB120067B1ED /* Build configuration list for PBXNativeTarget "RandomizerSprint1FelixS-iOSDev1Tests" */ = {
			isa = XCConfigurationList;
			buildConfigurations = (
				DC4E39E01C98FB120067B1ED /* Debug */,
				DC4E39E11C98FB120067B1ED /* Release */,
			);
			defaultConfigurationIsVisible = 0;
			defaultConfigurationName = Release;
		};
		DC4E39E21C98FB120067B1ED /* Build configuration list for PBXNativeTarget "RandomizerSprint1FelixS-iOSDev1UITests" */ = {
			isa = XCConfigurationList;
			buildConfigurations = (
				DC4E39E31C98FB120067B1ED /* Debug */,
				DC4E39E41C98FB120067B1ED /* Release */,
			);
			defaultConfigurationIsVisible = 0;
			defaultConfigurationName = Release;
		};
/* End XCConfigurationList section */
	};
	rootObject = DC4E39AC1C98FB120067B1ED /* Project object */;
}
